
Microsoft Visual Studio Solution File, Format Version 12.00
# Visual Studio 15
Project("{FAE04EC0-301F-11D3-BF4B-00C04F79EFBC}") = "Assembly-CSharp", "Assembly-CSharp.csproj", "{778CA41A-9CF4-44EE-D15B-AE73B8D316C2}"
EndProject
Project("{FAE04EC0-301F-11D3-BF4B-00C04F79EFBC}") = "Assembly-CSharp-firstpass", "Assembly-CSharp-firstpass.csproj", "{8EEB1731-1EF3-A9CC-15F6-65030355233E}"
EndProject
Project("{FAE04EC0-301F-11D3-BF4B-00C04F79EFBC}") = "Assembly-CSharp-Editor", "Assembly-CSharp-Editor.csproj", "{4A7021A1-FCDB-F49E-7F95-8FD2CA86B32A}"
EndProject
Global
	GlobalSection(SolutionConfigurationPlatforms) = preSolution
		Debug|Any CPU = Debug|Any CPU
		Release|Any CPU = Release|Any CPU
	EndGlobalSection
	GlobalSection(ProjectConfigurationPlatforms) = postSolution
		{778CA41A-9CF4-44EE-D15B-AE73B8D316C2}.Debug|Any CPU.ActiveCfg = Debug|Any CPU
		{778CA41A-9CF4-44EE-D15B-AE73B8D316C2}.Debug|Any CPU.Build.0 = Debug|Any CPU
		{778CA41A-9CF4-44EE-D15B-AE73B8D316C2}.Release|Any CPU.ActiveCfg = Release|Any CPU
		{778CA41A-9CF4-44EE-D15B-AE73B8D316C2}.Release|Any CPU.Build.0 = Release|Any CPU
		{8EEB1731-1EF3-A9CC-15F6-65030355233E}.Debug|Any CPU.ActiveCfg = Debug|Any CPU
		{8EEB1731-1EF3-A9CC-15F6-65030355233E}.Debug|Any CPU.Build.0 = Debug|Any CPU
		{8EEB1731-1EF3-A9CC-15F6-65030355233E}.Release|Any CPU.ActiveCfg = Release|Any CPU
		{8EEB1731-1EF3-A9CC-15F6-65030355233E}.Release|Any CPU.Build.0 = Release|Any CPU
		{4A7021A1-FCDB-F49E-7F95-8FD2CA86B32A}.Debug|Any CPU.ActiveCfg = Debug|Any CPU
		{4A7021A1-FCDB-F49E-7F95-8FD2CA86B32A}.Debug|Any CPU.Build.0 = Debug|Any CPU
		{4A7021A1-FCDB-F49E-7F95-8FD2CA86B32A}.Release|Any CPU.ActiveCfg = Release|Any CPU
		{4A7021A1-FCDB-F49E-7F95-8FD2CA86B32A}.Release|Any CPU.Build.0 = Release|Any CPU
	EndGlobalSection
	GlobalSection(SolutionProperties) = preSolution
		HideSolutionNode = FALSE
	EndGlobalSection
EndGlobal
